
Microsoft Visual Studio Solution File, Format Version 12.00
# Visual Studio Version 16
VisualStudioVersion = 16.0.30104.148
MinimumVisualStudioVersion = 10.0.40219.1
Project("{FAE04EC0-301F-11D3-BF4B-00C04F79EFBC}") = "BinChecker", "BinChecker\BinChecker.csproj", "{886F52F0-0AEF-4FFE-B1D3-C61DAED5FD38}"
EndProject
Global
	GlobalSection(SolutionConfigurationPlatforms) = preSolution
		Debug|Any CPU = Debug|Any CPU
		Release|Any CPU = Release|Any CPU
	EndGlobalSection
	GlobalSection(ProjectConfigurationPlatforms) = postSolution
		{886F52F0-0AEF-4FFE-B1D3-C61DAED5FD38}.Debug|Any CPU.ActiveCfg = Debug|Any CPU
		{886F52F0-0AEF-4FFE-B1D3-C61DAED5FD38}.Debug|Any CPU.Build.0 = Debug|Any CPU
		{886F52F0-0AEF-4FFE-B1D3-C61DAED5FD38}.Release|Any CPU.ActiveCfg = Release|Any CPU
		{886F52F0-0AEF-4FFE-B1D3-C61DAED5FD38}.Release|Any CPU.Build.0 = Release|Any CPU
	EndGlobalSection
	GlobalSection(SolutionProperties) = preSolution
		HideSolutionNode = FALSE
	EndGlobalSection
	GlobalSection(ExtensibilityGlobals) = postSolution
		SolutionGuid = {F2038162-5392-4A58-9C83-1D2F379FC53C}
	EndGlobalSection
EndGlobal
